<?xml version="1.0" encoding="utf-8"?>
<Project ToolsVersion="4.0" xmlns="http://schemas.microsoft.com/developer/msbuild/2003">
  <ItemGroup>
    <Filter Include="소스 파일">
      <UniqueIdentifier>{4FC737F1-C7A5-4376-A066-2A32D752A2FF}</UniqueIdentifier>
      <Extensions>cpp;c;cc;cxx;def;odl;idl;hpj;bat;asm;asmx</Extensions>
    </Filter>
    <Filter Include="헤더 파일">
      <UniqueIdentifier>{93995380-89BD-4b04-88EB-625FBE52EBFB}</UniqueIdentifier>
      <Extensions>h;hh;hpp;hxx;hm;inl;inc;ipp;xsd</Extensions>
    </Filter>
    <Filter Include="리소스 파일">
      <UniqueIdentifier>{67DA6AB6-F800-4c08-8B7A-83BB121AAD01}</UniqueIdentifier>
      <Extensions>rc;ico;cur;bmp;dlg;rc2;rct;bin;rgs;gif;jpg;jpeg;jpe;resx;tiff;tif;png;wav;mfcribbon-ms</Extensions>
    </Filter>
    <Filter Include="소스 파일\Resource">
      <UniqueIdentifier>{8551ef95-a7b6-4113-ae66-d6b0a8618fe1}</UniqueIdentifier>
    </Filter>
    <Filter Include="소스 파일\Resource\ResCache">
      <UniqueIdentifier>{4deab721-dc8a-4753-a393-4dc7a1712b2d}</UniqueIdentifier>
    </Filter>
    <Filter Include="소스 파일\Resource\ZipFile">
      <UniqueIdentifier>{c070981e-b433-4b08-8918-c64282d501f6}</UniqueIdentifier>
    </Filter>
    <Filter Include="소스 파일\TinyXml2">
      <UniqueIdentifier>{f5e4d0f1-7654-4cf2-8ebd-738ba1a466e2}</UniqueIdentifier>
    </Filter>
  </ItemGroup>
  <ItemGroup>
    <ClInclude Include="ZipFile.h">
      <Filter>소스 파일\Resource\ZipFile</Filter>
    </ClInclude>
    <ClInclude Include="Resource.h">
      <Filter>소스 파일\Resource</Filter>
    </ClInclude>
    <ClInclude Include="tinyxml2.h">
      <Filter>소스 파일\TinyXml2</Filter>
    </ClInclude>
    <ClInclude Include="ResourceCache.h">
      <Filter>소스 파일\Resource\ResCache</Filter>
    </ClInclude>
  </ItemGroup>
  <ItemGroup>
    <ClCompile Include="ConsoleApplication1.cpp">
      <Filter>소스 파일</Filter>
    </ClCompile>
    <ClCompile Include="ZipFile.cpp">
      <Filter>소스 파일\Resource\ZipFile</Filter>
    </ClCompile>
    <ClCompile Include="Resource.cpp">
      <Filter>소스 파일\Resource</Filter>
    </ClCompile>
    <ClCompile Include="tinyxml2.cpp">
      <Filter>소스 파일\TinyXml2</Filter>
    </ClCompile>
    <ClCompile Include="ResourceCache.cpp">
      <Filter>소스 파일\Resource\ResCache</Filter>
    </ClCompile>
  </ItemGroup>
</Project>